
Microsoft Visual Studio Solution File, Format Version 12.00
# Visual Studio Version 17
VisualStudioVersion = 17.1.32421.90
MinimumVisualStudioVersion = 10.0.40219.1
Project("{8BC9CEB8-8B4A-11D0-8D11-00A0C91BC942}") = "SWE-Calculator", "SWE-Calculator\SWE-Calculator.vcxproj", "{A0A6152C-B930-4F56-9259-FFCFBE5167EC}"
EndProject
Global
	GlobalSection(SolutionConfigurationPlatforms) = preSolution
		Debug|x64 = Debug|x64
		Debug|x86 = Debug|x86
		Release|x64 = Release|x64
		Release|x86 = Release|x86
	EndGlobalSection
	GlobalSection(ProjectConfigurationPlatforms) = postSolution
		{A0A6152C-B930-4F56-9259-FFCFBE5167EC}.Debug|x64.ActiveCfg = Debug|x64
		{A0A6152C-B930-4F56-9259-FFCFBE5167EC}.Debug|x64.Build.0 = Debug|x64
		{A0A6152C-B930-4F56-9259-FFCFBE5167EC}.Debug|x86.ActiveCfg = Debug|Win32
		{A0A6152C-B930-4F56-9259-FFCFBE5167EC}.Debug|x86.Build.0 = Debug|Win32
		{A0A6152C-B930-4F56-9259-FFCFBE5167EC}.Release|x64.ActiveCfg = Release|x64
		{A0A6152C-B930-4F56-9259-FFCFBE5167EC}.Release|x64.Build.0 = Release|x64
		{A0A6152C-B930-4F56-9259-FFCFBE5167EC}.Release|x86.ActiveCfg = Release|Win32
		{A0A6152C-B930-4F56-9259-FFCFBE5167EC}.Release|x86.Build.0 = Release|Win32
	EndGlobalSection
	GlobalSection(SolutionProperties) = preSolution
		HideSolutionNode = FALSE
	EndGlobalSection
	GlobalSection(ExtensibilityGlobals) = postSolution
		SolutionGuid = {1C54CD64-02DC-41AD-9A20-2841E30D0D16}
	EndGlobalSection
EndGlobal
